
Microsoft Visual Studio Solution File, Format Version 12.00
# Visual Studio Version 17
VisualStudioVersion = 17.11.35303.130
MinimumVisualStudioVersion = 10.0.40219.1
Project("{9A19103F-16F7-4668-BE54-9A1E7A4F7556}") = "ChatSimple", "ChatSimple.csproj", "{B27149D3-8A05-462C-B47D-7F5E15687649}"
EndProject
Global
	GlobalSection(SolutionConfigurationPlatforms) = preSolution
		Debug|Any CPU = Debug|Any CPU
		Release|Any CPU = Release|Any CPU
	EndGlobalSection
	GlobalSection(ProjectConfigurationPlatforms) = postSolution
		{B27149D3-8A05-462C-B47D-7F5E15687649}.Debug|Any CPU.ActiveCfg = Debug|Any CPU
		{B27149D3-8A05-462C-B47D-7F5E15687649}.Debug|Any CPU.Build.0 = Debug|Any CPU
		{B27149D3-8A05-462C-B47D-7F5E15687649}.Release|Any CPU.ActiveCfg = Release|Any CPU
		{B27149D3-8A05-462C-B47D-7F5E15687649}.Release|Any CPU.Build.0 = Release|Any CPU
	EndGlobalSection
	GlobalSection(SolutionProperties) = preSolution
		HideSolutionNode = FALSE
	EndGlobalSection
	GlobalSection(ExtensibilityGlobals) = postSolution
		SolutionGuid = {4ADA59D0-ABCE-4788-AF5D-95810F7E6B78}
	EndGlobalSection
EndGlobal
